
Microsoft Visual Studio Solution File, Format Version 12.00
# Visual Studio Version 17
VisualStudioVersion = 17.0.32112.339
MinimumVisualStudioVersion = 10.0.40219.1
Project("{FAE04EC0-301F-11D3-BF4B-00C04F79EFBC}") = "VoiceService", "VoiceService\VoiceService.csproj", "{263CCEBB-D895-41FE-95A5-E099FCA371CB}"
EndProject
Global
	GlobalSection(SolutionConfigurationPlatforms) = preSolution
		Debug|Any CPU = Debug|Any CPU
		Release|Any CPU = Release|Any CPU
	EndGlobalSection
	GlobalSection(ProjectConfigurationPlatforms) = postSolution
		{263CCEBB-D895-41FE-95A5-E099FCA371CB}.Debug|Any CPU.ActiveCfg = Debug|Any CPU
		{263CCEBB-D895-41FE-95A5-E099FCA371CB}.Debug|Any CPU.Build.0 = Debug|Any CPU
		{263CCEBB-D895-41FE-95A5-E099FCA371CB}.Release|Any CPU.ActiveCfg = Release|Any CPU
		{263CCEBB-D895-41FE-95A5-E099FCA371CB}.Release|Any CPU.Build.0 = Release|Any CPU
	EndGlobalSection
	GlobalSection(SolutionProperties) = preSolution
		HideSolutionNode = FALSE
	EndGlobalSection
	GlobalSection(ExtensibilityGlobals) = postSolution
		SolutionGuid = {C880365A-1CBD-407E-91B9-EAAEC77F26B4}
	EndGlobalSection
EndGlobal
